
Microsoft Visual Studio Solution File, Format Version 12.00
# Visual Studio Version 17
VisualStudioVersion = 17.13.35818.85
MinimumVisualStudioVersion = 10.0.40219.1
Project("{FAE04EC0-301F-11D3-BF4B-00C04F79EFBC}") = "AvaloniaRendering", "AvaloniaRendering\AvaloniaRendering.csproj", "{5E1EC274-3B1E-F18D-417C-AC62954D75F5}"
EndProject
Project("{FAE04EC0-301F-11D3-BF4B-00C04F79EFBC}") = "AvaloniaRendering.Desktop", "AvaloniaRendering.Desktop\AvaloniaRendering.Desktop.csproj", "{9EF89455-AFB5-EC13-2E62-C469B354A4D4}"
EndProject
Global
	GlobalSection(SolutionConfigurationPlatforms) = preSolution
		Debug|Any CPU = Debug|Any CPU
		Release|Any CPU = Release|Any CPU
	EndGlobalSection
	GlobalSection(ProjectConfigurationPlatforms) = postSolution
		{5E1EC274-3B1E-F18D-417C-AC62954D75F5}.Debug|Any CPU.ActiveCfg = Debug|Any CPU
		{5E1EC274-3B1E-F18D-417C-AC62954D75F5}.Debug|Any CPU.Build.0 = Debug|Any CPU
		{5E1EC274-3B1E-F18D-417C-AC62954D75F5}.Release|Any CPU.ActiveCfg = Release|Any CPU
		{5E1EC274-3B1E-F18D-417C-AC62954D75F5}.Release|Any CPU.Build.0 = Release|Any CPU
		{9EF89455-AFB5-EC13-2E62-C469B354A4D4}.Debug|Any CPU.ActiveCfg = Debug|Any CPU
		{9EF89455-AFB5-EC13-2E62-C469B354A4D4}.Debug|Any CPU.Build.0 = Debug|Any CPU
		{9EF89455-AFB5-EC13-2E62-C469B354A4D4}.Release|Any CPU.ActiveCfg = Release|Any CPU
		{9EF89455-AFB5-EC13-2E62-C469B354A4D4}.Release|Any CPU.Build.0 = Release|Any CPU
	EndGlobalSection
	GlobalSection(SolutionProperties) = preSolution
		HideSolutionNode = FALSE
	EndGlobalSection
	GlobalSection(ExtensibilityGlobals) = postSolution
		SolutionGuid = {8176FD6B-4ECE-4B15-8840-F7B175F632D8}
	EndGlobalSection
EndGlobal
